
Microsoft Visual Studio Solution File, Format Version 12.00
# Visual Studio 14
VisualStudioVersion = 14.0.25420.1
MinimumVisualStudioVersion = 10.0.40219.1
Project("{FAE04EC0-301F-11D3-BF4B-00C04F79EFBC}") = "ClothBazar.Web", "ClothBazar.Web\ClothBazar.Web.csproj", "{4112FA3D-F6FE-44D0-88E7-C5CAAD67321C}"
EndProject
Project("{FAE04EC0-301F-11D3-BF4B-00C04F79EFBC}") = "ClothBazar.Entity", "ClothBazar.Entity\ClothBazar.Entity.csproj", "{9818C6CC-D04B-4E16-A5B1-9037494C88FA}"
EndProject
Project("{FAE04EC0-301F-11D3-BF4B-00C04F79EFBC}") = "ClothBazar.Database", "ClothBazar.Database\ClothBazar.Database.csproj", "{0F03C61B-5163-4713-9132-3E7F37DDF603}"
EndProject
Project("{FAE04EC0-301F-11D3-BF4B-00C04F79EFBC}") = "ClothBazar.Services", "ClothBazar.Services\ClothBazar.Services.csproj", "{16EB1531-657A-44F7-8249-A7084F6BCC31}"
EndProject
Global
	GlobalSection(SolutionConfigurationPlatforms) = preSolution
		Debug|Any CPU = Debug|Any CPU
		Release|Any CPU = Release|Any CPU
	EndGlobalSection
	GlobalSection(ProjectConfigurationPlatforms) = postSolution
		{4112FA3D-F6FE-44D0-88E7-C5CAAD67321C}.Debug|Any CPU.ActiveCfg = Debug|Any CPU
		{4112FA3D-F6FE-44D0-88E7-C5CAAD67321C}.Debug|Any CPU.Build.0 = Debug|Any CPU
		{4112FA3D-F6FE-44D0-88E7-C5CAAD67321C}.Release|Any CPU.ActiveCfg = Release|Any CPU
		{4112FA3D-F6FE-44D0-88E7-C5CAAD67321C}.Release|Any CPU.Build.0 = Release|Any CPU
		{9818C6CC-D04B-4E16-A5B1-9037494C88FA}.Debug|Any CPU.ActiveCfg = Debug|Any CPU
		{9818C6CC-D04B-4E16-A5B1-9037494C88FA}.Debug|Any CPU.Build.0 = Debug|Any CPU
		{9818C6CC-D04B-4E16-A5B1-9037494C88FA}.Release|Any CPU.ActiveCfg = Release|Any CPU
		{9818C6CC-D04B-4E16-A5B1-9037494C88FA}.Release|Any CPU.Build.0 = Release|Any CPU
		{0F03C61B-5163-4713-9132-3E7F37DDF603}.Debug|Any CPU.ActiveCfg = Debug|Any CPU
		{0F03C61B-5163-4713-9132-3E7F37DDF603}.Debug|Any CPU.Build.0 = Debug|Any CPU
		{0F03C61B-5163-4713-9132-3E7F37DDF603}.Release|Any CPU.ActiveCfg = Release|Any CPU
		{0F03C61B-5163-4713-9132-3E7F37DDF603}.Release|Any CPU.Build.0 = Release|Any CPU
		{16EB1531-657A-44F7-8249-A7084F6BCC31}.Debug|Any CPU.ActiveCfg = Debug|Any CPU
		{16EB1531-657A-44F7-8249-A7084F6BCC31}.Debug|Any CPU.Build.0 = Debug|Any CPU
		{16EB1531-657A-44F7-8249-A7084F6BCC31}.Release|Any CPU.ActiveCfg = Release|Any CPU
		{16EB1531-657A-44F7-8249-A7084F6BCC31}.Release|Any CPU.Build.0 = Release|Any CPU
	EndGlobalSection
	GlobalSection(SolutionProperties) = preSolution
		HideSolutionNode = FALSE
	EndGlobalSection
EndGlobal
